
Microsoft Visual Studio Solution File, Format Version 12.00
# Visual Studio Version 16
VisualStudioVersion = 16.0.32228.343
MinimumVisualStudioVersion = 10.0.40219.1
Project("{FAE04EC0-301F-11D3-BF4B-00C04F79EFBC}") = "Caffee1", "Caffee1.csproj", "{24B9CB61-AADE-4B37-ADCF-F3934E1B6EC8}"
EndProject
Global
	GlobalSection(SolutionConfigurationPlatforms) = preSolution
		Debug|Any CPU = Debug|Any CPU
		Release|Any CPU = Release|Any CPU
	EndGlobalSection
	GlobalSection(ProjectConfigurationPlatforms) = postSolution
		{24B9CB61-AADE-4B37-ADCF-F3934E1B6EC8}.Debug|Any CPU.ActiveCfg = Debug|Any CPU
		{24B9CB61-AADE-4B37-ADCF-F3934E1B6EC8}.Debug|Any CPU.Build.0 = Debug|Any CPU
		{24B9CB61-AADE-4B37-ADCF-F3934E1B6EC8}.Release|Any CPU.ActiveCfg = Release|Any CPU
		{24B9CB61-AADE-4B37-ADCF-F3934E1B6EC8}.Release|Any CPU.Build.0 = Release|Any CPU
	EndGlobalSection
	GlobalSection(SolutionProperties) = preSolution
		HideSolutionNode = FALSE
	EndGlobalSection
	GlobalSection(ExtensibilityGlobals) = postSolution
		SolutionGuid = {E38D15FB-8FBC-4555-9415-70D19E1CF60C}
	EndGlobalSection
EndGlobal
